PODS:
  - Clappr (0.3.4):
    - Kingfisher (~> 2.2)
  - Kingfisher (2.4.0)
  - Nimble (4.0.0)
  - Quick (0.9.1)

DEPENDENCIES:
  - Clappr (from `../`)
  - Nimble (~> 4.0.0)
  - Quick (~> 0.9.0)

EXTERNAL SOURCES:
  Clappr:
    :path: "../"

SPEC CHECKSUMS:
  Clappr: 921986bedb30c18a1219041fc29962d90b2d9639
  Kingfisher: 9171a424ee7f8031f518f649bb850d1eab541247
  Nimble: 72bcc3e2f02242e6bfaaf8d9412ca7bfe3d8b417
  Quick: a5221fc21788b6aeda934805e68b061839bc3165

COCOAPODS: 0.39.0
