// !$*UTF8*$!
{
	archiveVersion = 1;
	classes = {
	};
	objectVersion = 46;
	objects = {

/* Begin PBXBuildFile section */
		34F26883D53FF27094D62029 /* Pods_Clappr_Tests.framework in Frameworks */ = {isa = PBXBuildFile; fileRef = B4A603DB0D77D113ED74A258 /* Pods_Clappr_Tests.framework */; };
		52BCAB3D54A0B2A43A6EAA9D /* Pods_Clappr_Example.framework in Frameworks */ = {isa = PBXBuildFile; fileRef = 1D311CE71C4188B9831047C1 /* Pods_Clappr_Example.framework */; };
		607FACD61AFB9204008FA782 /* AppDelegate.swift in Sources */ = {isa = PBXBuildFile; fileRef = 607FACD51AFB9204008FA782 /* AppDelegate.swift */; };
		607FACD81AFB9204008FA782 /* ViewController.swift in Sources */ = {isa = PBXBuildFile; fileRef = 607FACD71AFB9204008FA782 /* ViewController.swift */; };
		607FACDB1AFB9204008FA782 /* Main.storyboard in Resources */ = {isa = PBXBuildFile; fileRef = 607FACD91AFB9204008FA782 /* Main.storyboard */; };
		607FACDD1AFB9204008FA782 /* Images.xcassets in Resources */ = {isa = PBXBuildFile; fileRef = 607FACDC1AFB9204008FA782 /* Images.xcassets */; };
		607FACE01AFB9204008FA782 /* LaunchScreen.xib in Resources */ = {isa = PBXBuildFile; fileRef = 607FACDE1AFB9204008FA782 /* LaunchScreen.xib */; };
		96036D671CBD89500022CCCA /* PlaybackFactoryTests.swift in Sources */ = {isa = PBXBuildFile; fileRef = 96036D651CBD88B60022CCCA /* PlaybackFactoryTests.swift */; };
		9603A0681C04D68700B55D8F /* CoreFactoryTests.swift in Sources */ = {isa = PBXBuildFile; fileRef = 9603A0671C04D68700B55D8F /* CoreFactoryTests.swift */; };
		9603A06C1C05E6D100B55D8F /* PlayerTests.swift in Sources */ = {isa = PBXBuildFile; fileRef = 9603A06B1C05E6D100B55D8F /* PlayerTests.swift */; };
		96664E571BF0CBD400095E6E /* UIBaseObjectTests.swift in Sources */ = {isa = PBXBuildFile; fileRef = 96664E551BF0CBD100095E6E /* UIBaseObjectTests.swift */; };
		96664E5E1BF0D5FB00095E6E /* PlaybackTests.swift in Sources */ = {isa = PBXBuildFile; fileRef = 96664E581BF0D58400095E6E /* PlaybackTests.swift */; };
		96664E6D1BF209CF00095E6E /* ContainerTests.swift in Sources */ = {isa = PBXBuildFile; fileRef = 96664E6B1BF209CB00095E6E /* ContainerTests.swift */; };
		9684B6CA1D186E4700D012C2 /* AVFoundationPlaybackTests.swift in Sources */ = {isa = PBXBuildFile; fileRef = 9684B6C81D186E2D00D012C2 /* AVFoundationPlaybackTests.swift */; };
		96912C3E1C21A1AF003A4AFD /* PosterPluginTests.swift in Sources */ = {isa = PBXBuildFile; fileRef = 96912C3C1C219F25003A4AFD /* PosterPluginTests.swift */; };
		969703A01BEA716100B7F282 /* EventHandlerTests.swift in Sources */ = {isa = PBXBuildFile; fileRef = 9697039F1BEA716100B7F282 /* EventHandlerTests.swift */; };
		969703A61BEA8C7500B7F282 /* BaseObjectTests.swift in Sources */ = {isa = PBXBuildFile; fileRef = 969703A51BEA8C7500B7F282 /* BaseObjectTests.swift */; };
		96A979731BFBB65E00E5EA01 /* MediaControlTests.swift in Sources */ = {isa = PBXBuildFile; fileRef = 96A979721BFBB65E00E5EA01 /* MediaControlTests.swift */; };
		96A9797D1BFE2BCC00E5EA01 /* DateFormatterTests.swift in Sources */ = {isa = PBXBuildFile; fileRef = 96A9797C1BFE2BCC00E5EA01 /* DateFormatterTests.swift */; };
		96A979851BFF368C00E5EA01 /* ContainerFactoryTests.swift in Sources */ = {isa = PBXBuildFile; fileRef = 96A979831BFE531200E5EA01 /* ContainerFactoryTests.swift */; };
		96A979881BFF964F00E5EA01 /* CoreTests.swift in Sources */ = {isa = PBXBuildFile; fileRef = 96A979861BFF964C00E5EA01 /* CoreTests.swift */; };
		96A9CE391C973A0600C21E80 /* LoaderTests.swift in Sources */ = {isa = PBXBuildFile; fileRef = 96A9CE371C97387000C21E80 /* LoaderTests.swift */; };
		96B4656B1BF6028A0025975A /* UIPluginTests.swift in Sources */ = {isa = PBXBuildFile; fileRef = 96B465691BF6027F0025975A /* UIPluginTests.swift */; };
/* End PBXBuildFile section */

/* Begin PBXContainerItemProxy section */
		607FACE61AFB9204008FA782 /* PBXContainerItemProxy */ = {
			isa = PBXContainerItemProxy;
			containerPortal = 607FACC81AFB9204008FA782 /* Project object */;
			proxyType = 1;
			remoteGlobalIDString = 607FACCF1AFB9204008FA782;
			remoteInfo = Clappr;
		};
/* End PBXContainerItemProxy section */

/* Begin PBXFileReference section */
		1D311CE71C4188B9831047C1 /* Pods_Clappr_Example.framework */ = {isa = PBXFileReference; explicitFileType = wrapper.framework; includeInIndex = 0; path = Pods_Clappr_Example.framework; sourceTree = BUILT_PRODUCTS_DIR; };
		4036FD6C9F8B7418DC952D1C /* Pods-Clappr_Example.release.xcconfig */ = {isa = PBXFileReference; includeInIndex = 1; lastKnownFileType = text.xcconfig; name = "Pods-Clappr_Example.release.xcconfig"; path = "Pods/Target Support Files/Pods-Clappr_Example/Pods-Clappr_Example.release.xcconfig"; sourceTree = "<group>"; };
		50D6118069FF458902587655 /* Pods-Clappr_Tests.debug.xcconfig */ = {isa = PBXFileReference; includeInIndex = 1; lastKnownFileType = text.xcconfig; name = "Pods-Clappr_Tests.debug.xcconfig"; path = "Pods/Target Support Files/Pods-Clappr_Tests/Pods-Clappr_Tests.debug.xcconfig"; sourceTree = "<group>"; };
		57201F862E8A8DC96D2C0796 /* Pods-Clappr_Tests.release.xcconfig */ = {isa = PBXFileReference; includeInIndex = 1; lastKnownFileType = text.xcconfig; name = "Pods-Clappr_Tests.release.xcconfig"; path = "Pods/Target Support Files/Pods-Clappr_Tests/Pods-Clappr_Tests.release.xcconfig"; sourceTree = "<group>"; };
		607FACD01AFB9204008FA782 /* Clappr_Example.app */ = {isa = PBXFileReference; explicitFileType = wrapper.application; includeInIndex = 0; path = Clappr_Example.app; sourceTree = BUILT_PRODUCTS_DIR; };
		607FACD41AFB9204008FA782 /* Info.plist */ = {isa = PBXFileReference; lastKnownFileType = text.plist.xml; path = Info.plist; sourceTree = "<group>"; };
		607FACD51AFB9204008FA782 /* AppDelegate.swift */ = {isa = PBXFileReference; lastKnownFileType = sourcecode.swift; path = AppDelegate.swift; sourceTree = "<group>"; };
		607FACD71AFB9204008FA782 /* ViewController.swift */ = {isa = PBXFileReference; lastKnownFileType = sourcecode.swift; path = ViewController.swift; sourceTree = "<group>"; };
		607FACDA1AFB9204008FA782 /* Base */ = {isa = PBXFileReference; lastKnownFileType = file.storyboard; name = Base; path = Base.lproj/Main.storyboard; sourceTree = "<group>"; };
		607FACDC1AFB9204008FA782 /* Images.xcassets */ = {isa = PBXFileReference; lastKnownFileType = folder.assetcatalog; path = Images.xcassets; sourceTree = "<group>"; };
		607FACDF1AFB9204008FA782 /* Base */ = {isa = PBXFileReference; lastKnownFileType = file.xib; name = Base; path = Base.lproj/LaunchScreen.xib; sourceTree = "<group>"; };
		607FACE51AFB9204008FA782 /* Clappr_Tests.xctest */ = {isa = PBXFileReference; explicitFileType = wrapper.cfbundle; includeInIndex = 0; path = Clappr_Tests.xctest; sourceTree = BUILT_PRODUCTS_DIR; };
		607FACEA1AFB9204008FA782 /* Info.plist */ = {isa = PBXFileReference; lastKnownFileType = text.plist.xml; path = Info.plist; sourceTree = "<group>"; };
		8F3389F0416A5259ADD1C31F /* README.md */ = {isa = PBXFileReference; includeInIndex = 1; lastKnownFileType = net.daringfireball.markdown; name = README.md; path = ../README.md; sourceTree = "<group>"; };
		96036D651CBD88B60022CCCA /* PlaybackFactoryTests.swift */ = {isa = PBXFileReference; fileEncoding = 4; lastKnownFileType = sourcecode.swift; path = PlaybackFactoryTests.swift; sourceTree = "<group>"; };
		9603A0671C04D68700B55D8F /* CoreFactoryTests.swift */ = {isa = PBXFileReference; fileEncoding = 4; lastKnownFileType = sourcecode.swift; path = CoreFactoryTests.swift; sourceTree = "<group>"; };
		9603A06B1C05E6D100B55D8F /* PlayerTests.swift */ = {isa = PBXFileReference; fileEncoding = 4; lastKnownFileType = sourcecode.swift; path = PlayerTests.swift; sourceTree = "<group>"; };
		96664E551BF0CBD100095E6E /* UIBaseObjectTests.swift */ = {isa = PBXFileReference; fileEncoding = 4; lastKnownFileType = sourcecode.swift; path = UIBaseObjectTests.swift; sourceTree = "<group>"; };
		96664E581BF0D58400095E6E /* PlaybackTests.swift */ = {isa = PBXFileReference; fileEncoding = 4; lastKnownFileType = sourcecode.swift; path = PlaybackTests.swift; sourceTree = "<group>"; };
		96664E6B1BF209CB00095E6E /* ContainerTests.swift */ = {isa = PBXFileReference; fileEncoding = 4; lastKnownFileType = sourcecode.swift; path = ContainerTests.swift; sourceTree = "<group>"; };
		9684B6C81D186E2D00D012C2 /* AVFoundationPlaybackTests.swift */ = {isa = PBXFileReference; fileEncoding = 4; lastKnownFileType = sourcecode.swift; path = AVFoundationPlaybackTests.swift; sourceTree = "<group>"; };
		96912C3C1C219F25003A4AFD /* PosterPluginTests.swift */ = {isa = PBXFileReference; fileEncoding = 4; lastKnownFileType = sourcecode.swift; path = PosterPluginTests.swift; sourceTree = "<group>"; };
		9697039F1BEA716100B7F282 /* EventHandlerTests.swift */ = {isa = PBXFileReference; fileEncoding = 4; lastKnownFileType = sourcecode.swift; path = EventHandlerTests.swift; sourceTree = "<group>"; };
		969703A51BEA8C7500B7F282 /* BaseObjectTests.swift */ = {isa = PBXFileReference; fileEncoding = 4; lastKnownFileType = sourcecode.swift; path = BaseObjectTests.swift; sourceTree = "<group>"; };
		96A979721BFBB65E00E5EA01 /* MediaControlTests.swift */ = {isa = PBXFileReference; fileEncoding = 4; lastKnownFileType = sourcecode.swift; path = MediaControlTests.swift; sourceTree = "<group>"; };
		96A9797C1BFE2BCC00E5EA01 /* DateFormatterTests.swift */ = {isa = PBXFileReference; fileEncoding = 4; lastKnownFileType = sourcecode.swift; path = DateFormatterTests.swift; sourceTree = "<group>"; };
		96A979831BFE531200E5EA01 /* ContainerFactoryTests.swift */ = {isa = PBXFileReference; fileEncoding = 4; lastKnownFileType = sourcecode.swift; path = ContainerFactoryTests.swift; sourceTree = "<group>"; };
		96A979861BFF964C00E5EA01 /* CoreTests.swift */ = {isa = PBXFileReference; fileEncoding = 4; lastKnownFileType = sourcecode.swift; path = CoreTests.swift; sourceTree = "<group>"; };
		96A9CE371C97387000C21E80 /* LoaderTests.swift */ = {isa = PBXFileReference; fileEncoding = 4; lastKnownFileType = sourcecode.swift; path = LoaderTests.swift; sourceTree = "<group>"; };
		96B465691BF6027F0025975A /* UIPluginTests.swift */ = {isa = PBXFileReference; fileEncoding = 4; lastKnownFileType = sourcecode.swift; path = UIPluginTests.swift; sourceTree = "<group>"; };
		B4A603DB0D77D113ED74A258 /* Pods_Clappr_Tests.framework */ = {isa = PBXFileReference; explicitFileType = wrapper.framework; includeInIndex = 0; path = Pods_Clappr_Tests.framework; sourceTree = BUILT_PRODUCTS_DIR; };
		D105480873032552EC2B57ED /* LICENSE */ = {isa = PBXFileReference; includeInIndex = 1; lastKnownFileType = text; name = LICENSE; path = ../LICENSE; sourceTree = "<group>"; };
		D8810057D2C05E1F7A2759D7 /* Clappr.podspec */ = {isa = PBXFileReference; includeInIndex = 1; lastKnownFileType = text; name = Clappr.podspec; path = ../Clappr.podspec; sourceTree = "<group>"; };
		EA8C6691C6B3BF65ACC41CA6 /* Pods-Clappr_Example.debug.xcconfig */ = {isa = PBXFileReference; includeInIndex = 1; lastKnownFileType = text.xcconfig; name = "Pods-Clappr_Example.debug.xcconfig"; path = "Pods/Target Support Files/Pods-Clappr_Example/Pods-Clappr_Example.debug.xcconfig"; sourceTree = "<group>"; };
/* End PBXFileReference section */

/* Begin PBXFrameworksBuildPhase section */
		607FACCD1AFB9204008FA782 /* Frameworks */ = {
			isa = PBXFrameworksBuildPhase;
			buildActionMask = 2147483647;
			files = (
				52BCAB3D54A0B2A43A6EAA9D /* Pods_Clappr_Example.framework in Frameworks */,
			);
			runOnlyForDeploymentPostprocessing = 0;
		};
		607FACE21AFB9204008FA782 /* Frameworks */ = {
			isa = PBXFrameworksBuildPhase;
			buildActionMask = 2147483647;
			files = (
				34F26883D53FF27094D62029 /* Pods_Clappr_Tests.framework in Frameworks */,
			);
			runOnlyForDeploymentPostprocessing = 0;
		};
/* End PBXFrameworksBuildPhase section */

/* Begin PBXGroup section */
		0174B7F0F9C96F9B2307A19D /* Pods */ = {
			isa = PBXGroup;
			children = (
				EA8C6691C6B3BF65ACC41CA6 /* Pods-Clappr_Example.debug.xcconfig */,
				4036FD6C9F8B7418DC952D1C /* Pods-Clappr_Example.release.xcconfig */,
				50D6118069FF458902587655 /* Pods-Clappr_Tests.debug.xcconfig */,
				57201F862E8A8DC96D2C0796 /* Pods-Clappr_Tests.release.xcconfig */,
			);
			name = Pods;
			sourceTree = "<group>";
		};
		607FACC71AFB9204008FA782 = {
			isa = PBXGroup;
			children = (
				607FACF51AFB993E008FA782 /* Podspec Metadata */,
				607FACD21AFB9204008FA782 /* Example for Clappr */,
				607FACE81AFB9204008FA782 /* Tests */,
				607FACD11AFB9204008FA782 /* Products */,
				0174B7F0F9C96F9B2307A19D /* Pods */,
				D9A0DBC9D3DEA84C86432E68 /* Frameworks */,
			);
			sourceTree = "<group>";
		};
		607FACD11AFB9204008FA782 /* Products */ = {
			isa = PBXGroup;
			children = (
				607FACD01AFB9204008FA782 /* Clappr_Example.app */,
				607FACE51AFB9204008FA782 /* Clappr_Tests.xctest */,
			);
			name = Products;
			sourceTree = "<group>";
		};
		607FACD21AFB9204008FA782 /* Example for Clappr */ = {
			isa = PBXGroup;
			children = (
				607FACD51AFB9204008FA782 /* AppDelegate.swift */,
				607FACD71AFB9204008FA782 /* ViewController.swift */,
				607FACD91AFB9204008FA782 /* Main.storyboard */,
				607FACDC1AFB9204008FA782 /* Images.xcassets */,
				607FACDE1AFB9204008FA782 /* LaunchScreen.xib */,
				607FACD31AFB9204008FA782 /* Supporting Files */,
			);
			name = "Example for Clappr";
			path = Clappr;
			sourceTree = "<group>";
		};
		607FACD31AFB9204008FA782 /* Supporting Files */ = {
			isa = PBXGroup;
			children = (
				607FACD41AFB9204008FA782 /* Info.plist */,
			);
			name = "Supporting Files";
			sourceTree = "<group>";
		};
		607FACE81AFB9204008FA782 /* Tests */ = {
			isa = PBXGroup;
			children = (
				9684B6C81D186E2D00D012C2 /* AVFoundationPlaybackTests.swift */,
				969703A51BEA8C7500B7F282 /* BaseObjectTests.swift */,
				96A979831BFE531200E5EA01 /* ContainerFactoryTests.swift */,
				96664E6B1BF209CB00095E6E /* ContainerTests.swift */,
				9603A0671C04D68700B55D8F /* CoreFactoryTests.swift */,
				96A979861BFF964C00E5EA01 /* CoreTests.swift */,
				96A9797C1BFE2BCC00E5EA01 /* DateFormatterTests.swift */,
				9697039F1BEA716100B7F282 /* EventHandlerTests.swift */,
				96A9CE371C97387000C21E80 /* LoaderTests.swift */,
				96A979721BFBB65E00E5EA01 /* MediaControlTests.swift */,
				96036D651CBD88B60022CCCA /* PlaybackFactoryTests.swift */,
				96664E581BF0D58400095E6E /* PlaybackTests.swift */,
				9603A06B1C05E6D100B55D8F /* PlayerTests.swift */,
				96912C3C1C219F25003A4AFD /* PosterPluginTests.swift */,
				607FACE91AFB9204008FA782 /* Supporting Files */,
				96664E551BF0CBD100095E6E /* UIBaseObjectTests.swift */,
				96B465691BF6027F0025975A /* UIPluginTests.swift */,
			);
			path = Tests;
			sourceTree = "<group>";
		};
		607FACE91AFB9204008FA782 /* Supporting Files */ = {
			isa = PBXGroup;
			children = (
				607FACEA1AFB9204008FA782 /* Info.plist */,
			);
			name = "Supporting Files";
			sourceTree = "<group>";
		};
		607FACF51AFB993E008FA782 /* Podspec Metadata */ = {
			isa = PBXGroup;
			children = (
				D8810057D2C05E1F7A2759D7 /* Clappr.podspec */,
				8F3389F0416A5259ADD1C31F /* README.md */,
				D105480873032552EC2B57ED /* LICENSE */,
			);
			name = "Podspec Metadata";
			sourceTree = "<group>";
		};
		D9A0DBC9D3DEA84C86432E68 /* Frameworks */ = {
			isa = PBXGroup;
			children = (
				1D311CE71C4188B9831047C1 /* Pods_Clappr_Example.framework */,
				B4A603DB0D77D113ED74A258 /* Pods_Clappr_Tests.framework */,
			);
			name = Frameworks;
			sourceTree = "<group>";
		};
/* End PBXGroup section */

/* Begin PBXNativeTarget section */
		607FACCF1AFB9204008FA782 /* Clappr_Example */ = {
			isa = PBXNativeTarget;
			buildConfigurationList = 607FACEF1AFB9204008FA782 /* Build configuration list for PBXNativeTarget "Clappr_Example" */;
			buildPhases = (
				10D3A8270A19044B3C322BBC /* [CP] Check Pods Manifest.lock */,
				607FACCC1AFB9204008FA782 /* Sources */,
				607FACCD1AFB9204008FA782 /* Frameworks */,
				607FACCE1AFB9204008FA782 /* Resources */,
				35EE015AD1860E9D08BA86D4 /* [CP] Embed Pods Frameworks */,
				D2305C4697BB0123528849CB /* [CP] Copy Pods Resources */,
			);
			buildRules = (
			);
			dependencies = (
			);
			name = Clappr_Example;
			productName = Clappr;
			productReference = 607FACD01AFB9204008FA782 /* Clappr_Example.app */;
			productType = "com.apple.product-type.application";
		};
		607FACE41AFB9204008FA782 /* Clappr_Tests */ = {
			isa = PBXNativeTarget;
			buildConfigurationList = 607FACF21AFB9204008FA782 /* Build configuration list for PBXNativeTarget "Clappr_Tests" */;
			buildPhases = (
				068F7F77D5020A50D10B357C /* [CP] Check Pods Manifest.lock */,
				607FACE11AFB9204008FA782 /* Sources */,
				607FACE21AFB9204008FA782 /* Frameworks */,
				607FACE31AFB9204008FA782 /* Resources */,
				7885807E0A8CD9E302D1060F /* [CP] Embed Pods Frameworks */,
				AE90AEE93ED0B900DF3EA69F /* [CP] Copy Pods Resources */,
			);
			buildRules = (
			);
			dependencies = (
				607FACE71AFB9204008FA782 /* PBXTargetDependency */,
			);
			name = Clappr_Tests;
			productName = Tests;
			productReference = 607FACE51AFB9204008FA782 /* Clappr_Tests.xctest */;
			productType = "com.apple.product-type.bundle.unit-test";
		};
/* End PBXNativeTarget section */

/* Begin PBXProject section */
		607FACC81AFB9204008FA782 /* Project object */ = {
			isa = PBXProject;
			attributes = {
				LastSwiftUpdateCheck = 0700;
				LastUpgradeCheck = 0630;
				ORGANIZATIONNAME = CocoaPods;
				TargetAttributes = {
					607FACCF1AFB9204008FA782 = {
						CreatedOnToolsVersion = 6.3.1;
					};
					607FACE41AFB9204008FA782 = {
						CreatedOnToolsVersion = 6.3.1;
						TestTargetID = 607FACCF1AFB9204008FA782;
					};
				};
			};
			buildConfigurationList = 607FACCB1AFB9204008FA782 /* Build configuration list for PBXProject "Clappr" */;
			compatibilityVersion = "Xcode 3.2";
			developmentRegion = English;
			hasScannedForEncodings = 0;
			knownRegions = (
				en,
				Base,
			);
			mainGroup = 607FACC71AFB9204008FA782;
			productRefGroup = 607FACD11AFB9204008FA782 /* Products */;
			projectDirPath = "";
			projectRoot = "";
			targets = (
				607FACCF1AFB9204008FA782 /* Clappr_Example */,
				607FACE41AFB9204008FA782 /* Clappr_Tests */,
			);
		};
/* End PBXProject section */

/* Begin PBXResourcesBuildPhase section */
		607FACCE1AFB9204008FA782 /* Resources */ = {
			isa = PBXResourcesBuildPhase;
			buildActionMask = 2147483647;
			files = (
				607FACDB1AFB9204008FA782 /* Main.storyboard in Resources */,
				607FACE01AFB9204008FA782 /* LaunchScreen.xib in Resources */,
				607FACDD1AFB9204008FA782 /* Images.xcassets in Resources */,
			);
			runOnlyForDeploymentPostprocessing = 0;
		};
		607FACE31AFB9204008FA782 /* Resources */ = {
			isa = PBXResourcesBuildPhase;
			buildActionMask = 2147483647;
			files = (
			);
			runOnlyForDeploymentPostprocessing = 0;
		};
/* End PBXResourcesBuildPhase section */

/* Begin PBXShellScriptBuildPhase section */
		068F7F77D5020A50D10B357C /* [CP] Check Pods Manifest.lock */ = {
			isa = PBXShellScriptBuildPhase;
			buildActionMask = 2147483647;
			files = (
			);
			inputPaths = (
			);
			name = "[CP] Check Pods Manifest.lock";
			outputPaths = (
			);
			runOnlyForDeploymentPostprocessing = 0;
			shellPath = /bin/sh;
			shellScript = "diff \"${PODS_ROOT}/../Podfile.lock\" \"${PODS_ROOT}/Manifest.lock\" > /dev/null\nif [[ $? != 0 ]] ; then\n    cat << EOM\nerror: The sandbox is not in sync with the Podfile.lock. Run 'pod install' or update your CocoaPods installation.\nEOM\n    exit 1\nfi\n";
			showEnvVarsInLog = 0;
		};
		10D3A8270A19044B3C322BBC /* [CP] Check Pods Manifest.lock */ = {
			isa = PBXShellScriptBuildPhase;
			buildActionMask = 2147483647;
			files = (
			);
			inputPaths = (
			);
			name = "[CP] Check Pods Manifest.lock";
			outputPaths = (
			);
			runOnlyForDeploymentPostprocessing = 0;
			shellPath = /bin/sh;
			shellScript = "diff \"${PODS_ROOT}/../Podfile.lock\" \"${PODS_ROOT}/Manifest.lock\" > /dev/null\nif [[ $? != 0 ]] ; then\n    cat << EOM\nerror: The sandbox is not in sync with the Podfile.lock. Run 'pod install' or update your CocoaPods installation.\nEOM\n    exit 1\nfi\n";
			showEnvVarsInLog = 0;
		};
		35EE015AD1860E9D08BA86D4 /* [CP] Embed Pods Frameworks */ = {
			isa = PBXShellScriptBuildPhase;
			buildActionMask = 2147483647;
			files = (
			);
			inputPaths = (
			);
			name = "[CP] Embed Pods Frameworks";
			outputPaths = (
			);
			runOnlyForDeploymentPostprocessing = 0;
			shellPath = /bin/sh;
			shellScript = "\"${SRCROOT}/Pods/Target Support Files/Pods-Clappr_Example/Pods-Clappr_Example-frameworks.sh\"\n";
			showEnvVarsInLog = 0;
		};
		7885807E0A8CD9E302D1060F /* [CP] Embed Pods Frameworks */ = {
			isa = PBXShellScriptBuildPhase;
			buildActionMask = 2147483647;
			files = (
			);
			inputPaths = (
			);
			name = "[CP] Embed Pods Frameworks";
			outputPaths = (
			);
			runOnlyForDeploymentPostprocessing = 0;
			shellPath = /bin/sh;
			shellScript = "\"${SRCROOT}/Pods/Target Support Files/Pods-Clappr_Tests/Pods-Clappr_Tests-frameworks.sh\"\n";
			showEnvVarsInLog = 0;
		};
		AE90AEE93ED0B900DF3EA69F /* [CP] Copy Pods Resources */ = {
			isa = PBXShellScriptBuildPhase;
			buildActionMask = 2147483647;
			files = (
			);
			inputPaths = (
			);
			name = "[CP] Copy Pods Resources";
			outputPaths = (
			);
			runOnlyForDeploymentPostprocessing = 0;
			shellPath = /bin/sh;
			shellScript = "\"${SRCROOT}/Pods/Target Support Files/Pods-Clappr_Tests/Pods-Clappr_Tests-resources.sh\"\n";
			showEnvVarsInLog = 0;
		};
		D2305C4697BB0123528849CB /* [CP] Copy Pods Resources */ = {
			isa = PBXShellScriptBuildPhase;
			buildActionMask = 2147483647;
			files = (
			);
			inputPaths = (
			);
			name = "[CP] Copy Pods Resources";
			outputPaths = (
			);
			runOnlyForDeploymentPostprocessing = 0;
			shellPath = /bin/sh;
			shellScript = "\"${SRCROOT}/Pods/Target Support Files/Pods-Clappr_Example/Pods-Clappr_Example-resources.sh\"\n";
			showEnvVarsInLog = 0;
		};
/* End PBXShellScriptBuildPhase section */

/* Begin PBXSourcesBuildPhase section */
		607FACCC1AFB9204008FA782 /* Sources */ = {
			isa = PBXSourcesBuildPhase;
			buildActionMask = 2147483647;
			files = (
				607FACD81AFB9204008FA782 /* ViewController.swift in Sources */,
				607FACD61AFB9204008FA782 /* AppDelegate.swift in Sources */,
			);
			runOnlyForDeploymentPostprocessing = 0;
		};
		607FACE11AFB9204008FA782 /* Sources */ = {
			isa = PBXSourcesBuildPhase;
			buildActionMask = 2147483647;
			files = (
				96A9797D1BFE2BCC00E5EA01 /* DateFormatterTests.swift in Sources */,
				96664E5E1BF0D5FB00095E6E /* PlaybackTests.swift in Sources */,
				9684B6CA1D186E4700D012C2 /* AVFoundationPlaybackTests.swift in Sources */,
				96A9CE391C973A0600C21E80 /* LoaderTests.swift in Sources */,
				96A979851BFF368C00E5EA01 /* ContainerFactoryTests.swift in Sources */,
				96912C3E1C21A1AF003A4AFD /* PosterPluginTests.swift in Sources */,
				96B4656B1BF6028A0025975A /* UIPluginTests.swift in Sources */,
				9603A06C1C05E6D100B55D8F /* PlayerTests.swift in Sources */,
				9603A0681C04D68700B55D8F /* CoreFactoryTests.swift in Sources */,
				96664E6D1BF209CF00095E6E /* ContainerTests.swift in Sources */,
				96664E571BF0CBD400095E6E /* UIBaseObjectTests.swift in Sources */,
				96A979881BFF964F00E5EA01 /* CoreTests.swift in Sources */,
				969703A01BEA716100B7F282 /* EventHandlerTests.swift in Sources */,
				96A979731BFBB65E00E5EA01 /* MediaControlTests.swift in Sources */,
				969703A61BEA8C7500B7F282 /* BaseObjectTests.swift in Sources */,
				96036D671CBD89500022CCCA /* PlaybackFactoryTests.swift in Sources */,
			);
			runOnlyForDeploymentPostprocessing = 0;
		};
/* End PBXSourcesBuildPhase section */

/* Begin PBXTargetDependency section */
		607FACE71AFB9204008FA782 /* PBXTargetDependency */ = {
			isa = PBXTargetDependency;
			target = 607FACCF1AFB9204008FA782 /* Clappr_Example */;
			targetProxy = 607FACE61AFB9204008FA782 /* PBXContainerItemProxy */;
		};
/* End PBXTargetDependency section */

/* Begin PBXVariantGroup section */
		607FACD91AFB9204008FA782 /* Main.storyboard */ = {
			isa = PBXVariantGroup;
			children = (
				607FACDA1AFB9204008FA782 /* Base */,
			);
			name = Main.storyboard;
			sourceTree = "<group>";
		};
		607FACDE1AFB9204008FA782 /* LaunchScreen.xib */ = {
			isa = PBXVariantGroup;
			children = (
				607FACDF1AFB9204008FA782 /* Base */,
			);
			name = LaunchScreen.xib;
			sourceTree = "<group>";
		};
/* End PBXVariantGroup section */

/* Begin XCBuildConfiguration section */
		607FACED1AFB9204008FA782 /* Debug */ = {
			isa = XCBuildConfiguration;
			buildSettings = {
				ALWAYS_SEARCH_USER_PATHS = NO;
				CLANG_CXX_LANGUAGE_STANDARD = "gnu++0x";
				CLANG_CXX_LIBRARY = "libc++";
				CLANG_ENABLE_MODULES = YES;
				CLANG_ENABLE_OBJC_ARC = YES;
				CLANG_WARN_BOOL_CONVERSION = YES;
				CLANG_WARN_CONSTANT_CONVERSION = YES;
				CLANG_WARN_DIRECT_OBJC_ISA_USAGE = YES_ERROR;
				CLANG_WARN_EMPTY_BODY = YES;
				CLANG_WARN_ENUM_CONVERSION = YES;
				CLANG_WARN_INT_CONVERSION = YES;
				CLANG_WARN_OBJC_ROOT_CLASS = YES_ERROR;
				CLANG_WARN_UNREACHABLE_CODE = YES;
				CLANG_WARN__DUPLICATE_METHOD_MATCH = YES;
				"CODE_SIGN_IDENTITY[sdk=iphoneos*]" = "iPhone Developer";
				COPY_PHASE_STRIP = NO;
				DEBUG_INFORMATION_FORMAT = "dwarf-with-dsym";
				ENABLE_STRICT_OBJC_MSGSEND = YES;
				GCC_C_LANGUAGE_STANDARD = gnu99;
				GCC_DYNAMIC_NO_PIC = NO;
				GCC_NO_COMMON_BLOCKS = YES;
				GCC_OPTIMIZATION_LEVEL = 0;
				GCC_PREPROCESSOR_DEFINITIONS = (
					"DEBUG=1",
					"$(inherited)",
				);
				GCC_SYMBOLS_PRIVATE_EXTERN = NO;
				GCC_WARN_64_TO_32_BIT_CONVERSION = YES;
				GCC_WARN_ABOUT_RETURN_TYPE = YES_ERROR;
				GCC_WARN_UNDECLARED_SELECTOR = YES;
				GCC_WARN_UNINITIALIZED_AUTOS = YES_AGGRESSIVE;
				GCC_WARN_UNUSED_FUNCTION = YES;
				GCC_WARN_UNUSED_VARIABLE = YES;
				IPHONEOS_DEPLOYMENT_TARGET = 8.3;
				MTL_ENABLE_DEBUG_INFO = YES;
				ONLY_ACTIVE_ARCH = YES;
				SDKROOT = iphoneos;
				SWIFT_OPTIMIZATION_LEVEL = "-Onone";
			};
			name = Debug;
		};
		607FACEE1AFB9204008FA782 /* Release */ = {
			isa = XCBuildConfiguration;
			buildSettings = {
				ALWAYS_SEARCH_USER_PATHS = NO;
				CLANG_CXX_LANGUAGE_STANDARD = "gnu++0x";
				CLANG_CXX_LIBRARY = "libc++";
				CLANG_ENABLE_MODULES = YES;
				CLANG_ENABLE_OBJC_ARC = YES;
				CLANG_WARN_BOOL_CONVERSION = YES;
				CLANG_WARN_CONSTANT_CONVERSION = YES;
				CLANG_WARN_DIRECT_OBJC_ISA_USAGE = YES_ERROR;
				CLANG_WARN_EMPTY_BODY = YES;
				CLANG_WARN_ENUM_CONVERSION = YES;
				CLANG_WARN_INT_CONVERSION = YES;
				CLANG_WARN_OBJC_ROOT_CLASS = YES_ERROR;
				CLANG_WARN_UNREACHABLE_CODE = YES;
				CLANG_WARN__DUPLICATE_METHOD_MATCH = YES;
				"CODE_SIGN_IDENTITY[sdk=iphoneos*]" = "iPhone Developer";
				COPY_PHASE_STRIP = NO;
				DEBUG_INFORMATION_FORMAT = "dwarf-with-dsym";
				ENABLE_NS_ASSERTIONS = NO;
				ENABLE_STRICT_OBJC_MSGSEND = YES;
				GCC_C_LANGUAGE_STANDARD = gnu99;
				GCC_NO_COMMON_BLOCKS = YES;
				GCC_WARN_64_TO_32_BIT_CONVERSION = YES;
				GCC_WARN_ABOUT_RETURN_TYPE = YES_ERROR;
				GCC_WARN_UNDECLARED_SELECTOR = YES;
				GCC_WARN_UNINITIALIZED_AUTOS = YES_AGGRESSIVE;
				GCC_WARN_UNUSED_FUNCTION = YES;
				GCC_WARN_UNUSED_VARIABLE = YES;
				IPHONEOS_DEPLOYMENT_TARGET = 8.3;
				MTL_ENABLE_DEBUG_INFO = NO;
				SDKROOT = iphoneos;
				VALIDATE_PRODUCT = YES;
			};
			name = Release;
		};
		607FACF01AFB9204008FA782 /* Debug */ = {
			isa = XCBuildConfiguration;
			baseConfigurationReference = EA8C6691C6B3BF65ACC41CA6 /* Pods-Clappr_Example.debug.xcconfig */;
			buildSettings = {
				ASSETCATALOG_COMPILER_APPICON_NAME = AppIcon;
				INFOPLIST_FILE = Clappr/Info.plist;
				LD_RUNPATH_SEARCH_PATHS = "$(inherited) @executable_path/Frameworks";
				MODULE_NAME = ExampleApp;
				PRODUCT_NAME = "$(TARGET_NAME)";
			};
			name = Debug;
		};
		607FACF11AFB9204008FA782 /* Release */ = {
			isa = XCBuildConfiguration;
			baseConfigurationReference = 4036FD6C9F8B7418DC952D1C /* Pods-Clappr_Example.release.xcconfig */;
			buildSettings = {
				ASSETCATALOG_COMPILER_APPICON_NAME = AppIcon;
				INFOPLIST_FILE = Clappr/Info.plist;
				LD_RUNPATH_SEARCH_PATHS = "$(inherited) @executable_path/Frameworks";
				MODULE_NAME = ExampleApp;
				PRODUCT_NAME = "$(TARGET_NAME)";
			};
			name = Release;
		};
		607FACF31AFB9204008FA782 /* Debug */ = {
			isa = XCBuildConfiguration;
			baseConfigurationReference = 50D6118069FF458902587655 /* Pods-Clappr_Tests.debug.xcconfig */;
			buildSettings = {
				BUNDLE_LOADER = "$(TEST_HOST)";
				CLANG_ENABLE_MODULES = YES;
				FRAMEWORK_SEARCH_PATHS = (
					"$(SDKROOT)/Developer/Library/Frameworks",
					"$(inherited)",
				);
				GCC_PREPROCESSOR_DEFINITIONS = (
					"DEBUG=1",
					"$(inherited)",
				);
				INFOPLIST_FILE = Tests/Info.plist;
				LD_RUNPATH_SEARCH_PATHS = "$(inherited) @executable_path/Frameworks @loader_path/Frameworks";
				PRODUCT_NAME = "$(TARGET_NAME)";
				SWIFT_OPTIMIZATION_LEVEL = "-Onone";
				TEST_HOST = "$(BUILT_PRODUCTS_DIR)/Clappr_Example.app/Clappr_Example";
			};
			name = Debug;
		};
		607FACF41AFB9204008FA782 /* Release */ = {
			isa = XCBuildConfiguration;
			baseConfigurationReference = 57201F862E8A8DC96D2C0796 /* Pods-Clappr_Tests.release.xcconfig */;
			buildSettings = {
				BUNDLE_LOADER = "$(TEST_HOST)";
				CLANG_ENABLE_MODULES = YES;
				FRAMEWORK_SEARCH_PATHS = (
					"$(SDKROOT)/Developer/Library/Frameworks",
					"$(inherited)",
				);
				INFOPLIST_FILE = Tests/Info.plist;
				LD_RUNPATH_SEARCH_PATHS = "$(inherited) @executable_path/Frameworks @loader_path/Frameworks";
				PRODUCT_NAME = "$(TARGET_NAME)";
				TEST_HOST = "$(BUILT_PRODUCTS_DIR)/Clappr_Example.app/Clappr_Example";
			};
			name = Release;
		};
/* End XCBuildConfiguration section */

/* Begin XCConfigurationList section */
		607FACCB1AFB9204008FA782 /* Build configuration list for PBXProject "Clappr" */ = {
			isa = XCConfigurationList;
			buildConfigurations = (
				607FACED1AFB9204008FA782 /* Debug */,
				607FACEE1AFB9204008FA782 /* Release */,
			);
			defaultConfigurationIsVisible = 0;
			defaultConfigurationName = Release;
		};
		607FACEF1AFB9204008FA782 /* Build configuration list for PBXNativeTarget "Clappr_Example" */ = {
			isa = XCConfigurationList;
			buildConfigurations = (
				607FACF01AFB9204008FA782 /* Debug */,
				607FACF11AFB9204008FA782 /* Release */,
			);
			defaultConfigurationIsVisible = 0;
			defaultConfigurationName = Release;
		};
		607FACF21AFB9204008FA782 /* Build configuration list for PBXNativeTarget "Clappr_Tests" */ = {
			isa = XCConfigurationList;
			buildConfigurations = (
				607FACF31AFB9204008FA782 /* Debug */,
				607FACF41AFB9204008FA782 /* Release */,
			);
			defaultConfigurationIsVisible = 0;
			defaultConfigurationName = Release;
		};
/* End XCConfigurationList section */
	};
	rootObject = 607FACC81AFB9204008FA782 /* Project object */;
}
